// !$*UTF8*$!
{
	archiveVersion = 1;
	classes = {
	};
	objectVersion = 50;
	objects = {

/* Begin PBXBuildFile section */
		4EBB647921719356000E2D78 /* AppDelegate.swift in Sources */ = {isa = PBXBuildFile; fileRef = 4EBB647821719356000E2D78 /* AppDelegate.swift */; };
		4EBB647B21719356000E2D78 /* ActivitiesViewController.swift in Sources */ = {isa = PBXBuildFile; fileRef = 4EBB647A21719356000E2D78 /* ActivitiesViewController.swift */; };
		4EBB647E21719356000E2D78 /* Main.storyboard in Resources */ = {isa = PBXBuildFile; fileRef = 4EBB647C21719356000E2D78 /* Main.storyboard */; };
		4EBB648121719356000E2D78 /* FlexCore.xcdatamodeld in Sources */ = {isa = PBXBuildFile; fileRef = 4EBB647F21719356000E2D78 /* FlexCore.xcdatamodeld */; };
		4EBB648321719358000E2D78 /* Assets.xcassets in Resources */ = {isa = PBXBuildFile; fileRef = 4EBB648221719358000E2D78 /* Assets.xcassets */; };
		4EBB648621719358000E2D78 /* LaunchScreen.storyboard in Resources */ = {isa = PBXBuildFile; fileRef = 4EBB648421719358000E2D78 /* LaunchScreen.storyboard */; };
		4EBB649021719604000E2D78 /* ActivitiesCollectionViewCell.swift in Sources */ = {isa = PBXBuildFile; fileRef = 4EBB648F21719604000E2D78 /* ActivitiesCollectionViewCell.swift */; };
		4EBB649521719BBD000E2D78 /* ActivitiesLayout.swift in Sources */ = {isa = PBXBuildFile; fileRef = 4EBB649421719BBD000E2D78 /* ActivitiesLayout.swift */; };
		4EBB64972171A555000E2D78 /* InputUserInfoViewController.swift in Sources */ = {isa = PBXBuildFile; fileRef = 4EBB64962171A555000E2D78 /* InputUserInfoViewController.swift */; };
		4EBB64992171AE96000E2D78 /* BluetoothSerial.swift in Sources */ = {isa = PBXBuildFile; fileRef = 4EBB64982171AE96000E2D78 /* BluetoothSerial.swift */; };
/* End PBXBuildFile section */

/* Begin PBXFileReference section */
		4EBB647521719356000E2D78 /* FlexCore.app */ = {isa = PBXFileReference; explicitFileType = wrapper.application; includeInIndex = 0; path = FlexCore.app; sourceTree = BUILT_PRODUCTS_DIR; };
		4EBB647821719356000E2D78 /* AppDelegate.swift */ = {isa = PBXFileReference; lastKnownFileType = sourcecode.swift; path = AppDelegate.swift; sourceTree = "<group>"; };
		4EBB647A21719356000E2D78 /* ActivitiesViewController.swift */ = {isa = PBXFileReference; lastKnownFileType = sourcecode.swift; path = ActivitiesViewController.swift; sourceTree = "<group>"; };
		4EBB647D21719356000E2D78 /* Base */ = {isa = PBXFileReference; lastKnownFileType = file.storyboard; name = Base; path = Base.lproj/Main.storyboard; sourceTree = "<group>"; };
		4EBB648021719356000E2D78 /* FlexCore.xcdatamodel */ = {isa = PBXFileReference; lastKnownFileType = wrapper.xcdatamodel; path = FlexCore.xcdatamodel; sourceTree = "<group>"; };
		4EBB648221719358000E2D78 /* Assets.xcassets */ = {isa = PBXFileReference; lastKnownFileType = folder.assetcatalog; path = Assets.xcassets; sourceTree = "<group>"; };
		4EBB648521719358000E2D78 /* Base */ = {isa = PBXFileReference; lastKnownFileType = file.storyboard; name = Base; path = Base.lproj/LaunchScreen.storyboard; sourceTree = "<group>"; };
		4EBB648721719358000E2D78 /* Info.plist */ = {isa = PBXFileReference; lastKnownFileType = text.plist.xml; path = Info.plist; sourceTree = "<group>"; };
		4EBB648F21719604000E2D78 /* ActivitiesCollectionViewCell.swift */ = {isa = PBXFileReference; lastKnownFileType = sourcecode.swift; path = ActivitiesCollectionViewCell.swift; sourceTree = "<group>"; };
		4EBB649421719BBD000E2D78 /* ActivitiesLayout.swift */ = {isa = PBXFileReference; lastKnownFileType = sourcecode.swift; path = ActivitiesLayout.swift; sourceTree = "<group>"; };
		4EBB64962171A555000E2D78 /* InputUserInfoViewController.swift */ = {isa = PBXFileReference; lastKnownFileType = sourcecode.swift; path = InputUserInfoViewController.swift; sourceTree = "<group>"; };
		4EBB64982171AE96000E2D78 /* BluetoothSerial.swift */ = {isa = PBXFileReference; fileEncoding = 4; lastKnownFileType = sourcecode.swift; path = BluetoothSerial.swift; sourceTree = "<group>"; };
/* End PBXFileReference section */

/* Begin PBXFrameworksBuildPhase section */
		4EBB647221719356000E2D78 /* Frameworks */ = {
			isa = PBXFrameworksBuildPhase;
			buildActionMask = 2147483647;
			files = (
			);
			runOnlyForDeploymentPostprocessing = 0;
		};
/* End PBXFrameworksBuildPhase section */

/* Begin PBXGroup section */
		4EBB646C21719356000E2D78 = {
			isa = PBXGroup;
			children = (
				4EBB647721719356000E2D78 /* FlexCore */,
				4EBB647621719356000E2D78 /* Products */,
			);
			sourceTree = "<group>";
		};
		4EBB647621719356000E2D78 /* Products */ = {
			isa = PBXGroup;
			children = (
				4EBB647521719356000E2D78 /* FlexCore.app */,
			);
			name = Products;
			sourceTree = "<group>";
		};
		4EBB647721719356000E2D78 /* FlexCore */ = {
			isa = PBXGroup;
			children = (
				4EBB64912171963D000E2D78 /* ViewControllers */,
				4EBB647821719356000E2D78 /* AppDelegate.swift */,
				4EBB647C21719356000E2D78 /* Main.storyboard */,
				4EBB648221719358000E2D78 /* Assets.xcassets */,
				4EBB648421719358000E2D78 /* LaunchScreen.storyboard */,
				4EBB648721719358000E2D78 /* Info.plist */,
				4EBB647F21719356000E2D78 /* FlexCore.xcdatamodeld */,
				4EBB648F21719604000E2D78 /* ActivitiesCollectionViewCell.swift */,
				4EBB649421719BBD000E2D78 /* ActivitiesLayout.swift */,
				4EBB64982171AE96000E2D78 /* BluetoothSerial.swift */,
			);
			path = FlexCore;
			sourceTree = "<group>";
		};
		4EBB64912171963D000E2D78 /* ViewControllers */ = {
			isa = PBXGroup;
			children = (
				4EBB647A21719356000E2D78 /* ActivitiesViewController.swift */,
				4EBB64962171A555000E2D78 /* InputUserInfoViewController.swift */,
			);
			path = ViewControllers;
			sourceTree = "<group>";
		};
/* End PBXGroup section */

/* Begin PBXNativeTarget section */
		4EBB647421719356000E2D78 /* FlexCore */ = {
			isa = PBXNativeTarget;
			buildConfigurationList = 4EBB648A21719358000E2D78 /* Build configuration list for PBXNativeTarget "FlexCore" */;
			buildPhases = (
				4EBB647121719356000E2D78 /* Sources */,
				4EBB647221719356000E2D78 /* Frameworks */,
				4EBB647321719356000E2D78 /* Resources */,
			);
			buildRules = (
			);
			dependencies = (
			);
			name = FlexCore;
			productName = FlexCore;
			productReference = 4EBB647521719356000E2D78 /* FlexCore.app */;
			productType = "com.apple.product-type.application";
		};
/* End PBXNativeTarget section */

/* Begin PBXProject section */
		4EBB646D21719356000E2D78 /* Project object */ = {
			isa = PBXProject;
			attributes = {
				LastSwiftUpdateCheck = 0940;
				LastUpgradeCheck = 0940;
				ORGANIZATIONNAME = anthony;
				TargetAttributes = {
					4EBB647421719356000E2D78 = {
						CreatedOnToolsVersion = 9.4.1;
					};
				};
			};
			buildConfigurationList = 4EBB647021719356000E2D78 /* Build configuration list for PBXProject "FlexCore" */;
			compatibilityVersion = "Xcode 9.3";
			developmentRegion = en;
			hasScannedForEncodings = 0;
			knownRegions = (
				en,
				Base,
			);
			mainGroup = 4EBB646C21719356000E2D78;
			productRefGroup = 4EBB647621719356000E2D78 /* Products */;
			projectDirPath = "";
			projectRoot = "";
			targets = (
				4EBB647421719356000E2D78 /* FlexCore */,
			);
		};
/* End PBXProject section */

/* Begin PBXResourcesBuildPhase section */
		4EBB647321719356000E2D78 /* Resources */ = {
			isa = PBXResourcesBuildPhase;
			buildActionMask = 2147483647;
			files = (
				4EBB648621719358000E2D78 /* LaunchScreen.storyboard in Resources */,
				4EBB648321719358000E2D78 /* Assets.xcassets in Resources */,
				4EBB647E21719356000E2D78 /* Main.storyboard in Resources */,
			);
			runOnlyForDeploymentPostprocessing = 0;
		};
/* End PBXResourcesBuildPhase section */

/* Begin PBXSourcesBuildPhase section */
		4EBB647121719356000E2D78 /* Sources */ = {
			isa = PBXSourcesBuildPhase;
			buildActionMask = 2147483647;
			files = (
				4EBB647B21719356000E2D78 /* ActivitiesViewController.swift in Sources */,
				4EBB649521719BBD000E2D78 /* ActivitiesLayout.swift in Sources */,
				4EBB64972171A555000E2D78 /* InputUserInfoViewController.swift in Sources */,
				4EBB649021719604000E2D78 /* ActivitiesCollectionViewCell.swift in Sources */,
				4EBB648121719356000E2D78 /* FlexCore.xcdatamodeld in Sources */,
				4EBB64992171AE96000E2D78 /* BluetoothSerial.swift in Sources */,
				4EBB647921719356000E2D78 /* AppDelegate.swift in Sources */,
			);
			runOnlyForDeploymentPostprocessing = 0;
		};
/* End PBXSourcesBuildPhase section */

/* Begin PBXVariantGroup section */
		4EBB647C21719356000E2D78 /* Main.storyboard */ = {
			isa = PBXVariantGroup;
			children = (
				4EBB647D21719356000E2D78 /* Base */,
			);
			name = Main.storyboard;
			sourceTree = "<group>";
		};
		4EBB648421719358000E2D78 /* LaunchScreen.storyboard */ = {
			isa = PBXVariantGroup;
			children = (
				4EBB648521719358000E2D78 /* Base */,
			);
			name = LaunchScreen.storyboard;
			sourceTree = "<group>";
		};
/* End PBXVariantGroup section */

/* Begin XCBuildConfiguration section */
		4EBB648821719358000E2D78 /* Debug */ = {
			isa = XCBuildConfiguration;
			buildSettings = {
				ALWAYS_SEARCH_USER_PATHS = NO;
				CLANG_ANALYZER_NONNULL = YES;
				CLANG_ANALYZER_NUMBER_OBJECT_CONVERSION = YES_AGGRESSIVE;
				CLANG_CXX_LANGUAGE_STANDARD = "gnu++14";
				CLANG_CXX_LIBRARY = "libc++";
				CLANG_ENABLE_MODULES = YES;
				CLANG_ENABLE_OBJC_ARC = YES;
				CLANG_ENABLE_OBJC_WEAK = YES;
				CLANG_WARN_BLOCK_CAPTURE_AUTORELEASING = YES;
				CLANG_WARN_BOOL_CONVERSION = YES;
				CLANG_WARN_COMMA = YES;
				CLANG_WARN_CONSTANT_CONVERSION = YES;
				CLANG_WARN_DEPRECATED_OBJC_IMPLEMENTATIONS = YES;
				CLANG_WARN_DIRECT_OBJC_ISA_USAGE = YES_ERROR;
				CLANG_WARN_DOCUMENTATION_COMMENTS = YES;
				CLANG_WARN_EMPTY_BODY = YES;
				CLANG_WARN_ENUM_CONVERSION = YES;
				CLANG_WARN_INFINITE_RECURSION = YES;
				CLANG_WARN_INT_CONVERSION = YES;
				CLANG_WARN_NON_LITERAL_NULL_CONVERSION = YES;
				CLANG_WARN_OBJC_IMPLICIT_RETAIN_SELF = YES;
				CLANG_WARN_OBJC_LITERAL_CONVERSION = YES;
				CLANG_WARN_OBJC_ROOT_CLASS = YES_ERROR;
				CLANG_WARN_RANGE_LOOP_ANALYSIS = YES;
				CLANG_WARN_STRICT_PROTOTYPES = YES;
				CLANG_WARN_SUSPICIOUS_MOVE = YES;
				CLANG_WARN_UNGUARDED_AVAILABILITY = YES_AGGRESSIVE;
				CLANG_WARN_UNREACHABLE_CODE = YES;
				CLANG_WARN__DUPLICATE_METHOD_MATCH = YES;
				CODE_SIGN_IDENTITY = "iPhone Developer";
				COPY_PHASE_STRIP = NO;
				DEBUG_INFORMATION_FORMAT = dwarf;
				ENABLE_STRICT_OBJC_MSGSEND = YES;
				ENABLE_TESTABILITY = YES;
				GCC_C_LANGUAGE_STANDARD = gnu11;
				GCC_DYNAMIC_NO_PIC = NO;
				GCC_NO_COMMON_BLOCKS = YES;
				GCC_OPTIMIZATION_LEVEL = 0;
				GCC_PREPROCESSOR_DEFINITIONS = (
					"DEBUG=1",
					"$(inherited)",
				);
				GCC_WARN_64_TO_32_BIT_CONVERSION = YES;
				GCC_WARN_ABOUT_RETURN_TYPE = YES_ERROR;
				GCC_WARN_UNDECLARED_SELECTOR = YES;
				GCC_WARN_UNINITIALIZED_AUTOS = YES_AGGRESSIVE;
				GCC_WARN_UNUSED_FUNCTION = YES;
				GCC_WARN_UNUSED_VARIABLE = YES;
				IPHONEOS_DEPLOYMENT_TARGET = 11.4;
				MTL_ENABLE_DEBUG_INFO = YES;
				ONLY_ACTIVE_ARCH = YES;
				SDKROOT = iphoneos;
				SWIFT_ACTIVE_COMPILATION_CONDITIONS = DEBUG;
				SWIFT_OPTIMIZATION_LEVEL = "-Onone";
			};
			name = Debug;
		};
		4EBB648921719358000E2D78 /* Release */ = {
			isa = XCBuildConfiguration;
			buildSettings = {
				ALWAYS_SEARCH_USER_PATHS = NO;
				CLANG_ANALYZER_NONNULL = YES;
				CLANG_ANALYZER_NUMBER_OBJECT_CONVERSION = YES_AGGRESSIVE;
				CLANG_CXX_LANGUAGE_STANDARD = "gnu++14";
				CLANG_CXX_LIBRARY = "libc++";
				CLANG_ENABLE_MODULES = YES;
				CLANG_ENABLE_OBJC_ARC = YES;
				CLANG_ENABLE_OBJC_WEAK = YES;
				CLANG_WARN_BLOCK_CAPTURE_AUTORELEASING = YES;
				CLANG_WARN_BOOL_CONVERSION = YES;
				CLANG_WARN_COMMA = YES;
				CLANG_WARN_CONSTANT_CONVERSION = YES;
				CLANG_WARN_DEPRECATED_OBJC_IMPLEMENTATIONS = YES;
				CLANG_WARN_DIRECT_OBJC_ISA_USAGE = YES_ERROR;
				CLANG_WARN_DOCUMENTATION_COMMENTS = YES;
				CLANG_WARN_EMPTY_BODY = YES;
				CLANG_WARN_ENUM_CONVERSION = YES;
				CLANG_WARN_INFINITE_RECURSION = YES;
				CLANG_WARN_INT_CONVERSION = YES;
				CLANG_WARN_NON_LITERAL_NULL_CONVERSION = YES;
				CLANG_WARN_OBJC_IMPLICIT_RETAIN_SELF = YES;
				CLANG_WARN_OBJC_LITERAL_CONVERSION = YES;
				CLANG_WARN_OBJC_ROOT_CLASS = YES_ERROR;
				CLANG_WARN_RANGE_LOOP_ANALYSIS = YES;
				CLANG_WARN_STRICT_PROTOTYPES = YES;
				CLANG_WARN_SUSPICIOUS_MOVE = YES;
				CLANG_WARN_UNGUARDED_AVAILABILITY = YES_AGGRESSIVE;
				CLANG_WARN_UNREACHABLE_CODE = YES;
				CLANG_WARN__DUPLICATE_METHOD_MATCH = YES;
				CODE_SIGN_IDENTITY = "iPhone Developer";
				COPY_PHASE_STRIP = NO;
				DEBUG_INFORMATION_FORMAT = "dwarf-with-dsym";
				ENABLE_NS_ASSERTIONS = NO;
				ENABLE_STRICT_OBJC_MSGSEND = YES;
				GCC_C_LANGUAGE_STANDARD = gnu11;
				GCC_NO_COMMON_BLOCKS = YES;
				GCC_WARN_64_TO_32_BIT_CONVERSION = YES;
				GCC_WARN_ABOUT_RETURN_TYPE = YES_ERROR;
				GCC_WARN_UNDECLARED_SELECTOR = YES;
				GCC_WARN_UNINITIALIZED_AUTOS = YES_AGGRESSIVE;
				GCC_WARN_UNUSED_FUNCTION = YES;
				GCC_WARN_UNUSED_VARIABLE = YES;
				IPHONEOS_DEPLOYMENT_TARGET = 11.4;
				MTL_ENABLE_DEBUG_INFO = NO;
				SDKROOT = iphoneos;
				SWIFT_COMPILATION_MODE = wholemodule;
				SWIFT_OPTIMIZATION_LEVEL = "-O";
				VALIDATE_PRODUCT = YES;
			};
			name = Release;
		};
		4EBB648B21719358000E2D78 /* Debug */ = {
			isa = XCBuildConfiguration;
			buildSettings = {
				ASSETCATALOG_COMPILER_APPICON_NAME = AppIcon;
				CODE_SIGN_STYLE = Automatic;
				DEVELOPMENT_TEAM = PYK34TKJT5;
				INFOPLIST_FILE = FlexCore/Info.plist;
				LD_RUNPATH_SEARCH_PATHS = (
					"$(inherited)",
					"@executable_path/Frameworks",
				);
				PRODUCT_BUNDLE_IDENTIFIER = anthony.FlexCore;
				PRODUCT_NAME = "$(TARGET_NAME)";
				SWIFT_VERSION = 4.0;
				TARGETED_DEVICE_FAMILY = "1,2";
			};
			name = Debug;
		};
		4EBB648C21719358000E2D78 /* Release */ = {
			isa = XCBuildConfiguration;
			buildSettings = {
				ASSETCATALOG_COMPILER_APPICON_NAME = AppIcon;
				CODE_SIGN_STYLE = Automatic;
				DEVELOPMENT_TEAM = PYK34TKJT5;
				INFOPLIST_FILE = FlexCore/Info.plist;
				LD_RUNPATH_SEARCH_PATHS = (
					"$(inherited)",
					"@executable_path/Frameworks",
				);
				PRODUCT_BUNDLE_IDENTIFIER = anthony.FlexCore;
				PRODUCT_NAME = "$(TARGET_NAME)";
				SWIFT_VERSION = 4.0;
				TARGETED_DEVICE_FAMILY = "1,2";
			};
			name = Release;
		};
/* End XCBuildConfiguration section */

/* Begin XCConfigurationList section */
		4EBB647021719356000E2D78 /* Build configuration list for PBXProject "FlexCore" */ = {
			isa = XCConfigurationList;
			buildConfigurations = (
				4EBB648821719358000E2D78 /* Debug */,
				4EBB648921719358000E2D78 /* Release */,
			);
			defaultConfigurationIsVisible = 0;
			defaultConfigurationName = Release;
		};
		4EBB648A21719358000E2D78 /* Build configuration list for PBXNativeTarget "FlexCore" */ = {
			isa = XCConfigurationList;
			buildConfigurations = (
				4EBB648B21719358000E2D78 /* Debug */,
				4EBB648C21719358000E2D78 /* Release */,
			);
			defaultConfigurationIsVisible = 0;
			defaultConfigurationName = Release;
		};
/* End XCConfigurationList section */

/* Begin XCVersionGroup section */
		4EBB647F21719356000E2D78 /* FlexCore.xcdatamodeld */ = {
			isa = XCVersionGroup;
			children = (
				4EBB648021719356000E2D78 /* FlexCore.xcdatamodel */,
			);
			currentVersion = 4EBB648021719356000E2D78 /* FlexCore.xcdatamodel */;
			path = FlexCore.xcdatamodeld;
			sourceTree = "<group>";
			versionGroupType = wrapper.xcdatamodel;
		};
/* End XCVersionGroup section */
	};
	rootObject = 4EBB646D21719356000E2D78 /* Project object */;
}
